
Microsoft Visual Studio Solution File, Format Version 12.00
# Visual Studio Version 16
VisualStudioVersion = 16.0.29503.13
MinimumVisualStudioVersion = 10.0.40219.1
Project("{9A19103F-16F7-4668-BE54-9A1E7A4F7556}") = "soe_backend", "soe_backend.csproj", "{0B5A29EC-31D2-40B0-8B27-BAA85690180E}"
EndProject
Global
	GlobalSection(SolutionConfigurationPlatforms) = preSolution
		Debug|Any CPU = Debug|Any CPU
		Release|Any CPU = Release|Any CPU
	EndGlobalSection
	GlobalSection(ProjectConfigurationPlatforms) = postSolution
		{0B5A29EC-31D2-40B0-8B27-BAA85690180E}.Debug|Any CPU.ActiveCfg = Debug|Any CPU
		{0B5A29EC-31D2-40B0-8B27-BAA85690180E}.Debug|Any CPU.Build.0 = Debug|Any CPU
		{0B5A29EC-31D2-40B0-8B27-BAA85690180E}.Release|Any CPU.ActiveCfg = Release|Any CPU
		{0B5A29EC-31D2-40B0-8B27-BAA85690180E}.Release|Any CPU.Build.0 = Release|Any CPU
	EndGlobalSection
	GlobalSection(SolutionProperties) = preSolution
		HideSolutionNode = FALSE
	EndGlobalSection
	GlobalSection(ExtensibilityGlobals) = postSolution
		SolutionGuid = {6F7C15AA-AF35-40FE-B768-55B57881938D}
	EndGlobalSection
EndGlobal
